
Microsoft Visual Studio Solution File, Format Version 12.00
# Visual Studio Version 17
VisualStudioVersion = 17.9.34622.214
MinimumVisualStudioVersion = 10.0.40219.1
Project("{FAE04EC0-301F-11D3-BF4B-00C04F79EFBC}") = "appReadXML-For-URL-In-Consol", "appReadXML-For-URL-In-Consol\appReadXML-For-URL-In-Consol.csproj", "{B1697645-0687-440B-B5B6-57156E9348DA}"
EndProject
Global
	GlobalSection(SolutionConfigurationPlatforms) = preSolution
		Debug|Any CPU = Debug|Any CPU
		Release|Any CPU = Release|Any CPU
	EndGlobalSection
	GlobalSection(ProjectConfigurationPlatforms) = postSolution
		{B1697645-0687-440B-B5B6-57156E9348DA}.Debug|Any CPU.ActiveCfg = Debug|Any CPU
		{B1697645-0687-440B-B5B6-57156E9348DA}.Debug|Any CPU.Build.0 = Debug|Any CPU
		{B1697645-0687-440B-B5B6-57156E9348DA}.Release|Any CPU.ActiveCfg = Release|Any CPU
		{B1697645-0687-440B-B5B6-57156E9348DA}.Release|Any CPU.Build.0 = Release|Any CPU
	EndGlobalSection
	GlobalSection(SolutionProperties) = preSolution
		HideSolutionNode = FALSE
	EndGlobalSection
	GlobalSection(ExtensibilityGlobals) = postSolution
		SolutionGuid = {8D4A59ED-51A6-4EBC-B4E9-F9D9F92CA8A8}
	EndGlobalSection
EndGlobal
